{
  "projects": [
    {
      "projectId": "hjKYmYi6HMwK6TRyk7ew5R",
      "version": "6.46.0",
      "dependencies": {},
      "lang": "ts",
      "fileLocks": [
        {
          "assetId": "hjKYmYi6HMwK6TRyk7ew5R",
          "type": "projectCss",
          "checksum": "c4505a3f7ad18792aabf4c914f1b6bbf"
        },
        {
          "assetId": "hjKYmYi6HMwK6TRyk7ew5R",
          "checksum": "f51098be076d3d4d7098fedb86e59cd2",
          "type": "globalContexts"
        }
      ],
      "codegenVersion": "0.0.1"
    },
    {
      "projectId": "x6xjVoqPX2zXQcZU8gTdp6",
      "version": "latest",
      "dependencies": {
        "hjKYmYi6HMwK6TRyk7ew5R": "6.46.0"
      },
      "lang": "ts",
      "fileLocks": [
        {
          "type": "globalVariant",
          "assetId": "UkCaSKUjx2L4",
          "checksum": "f8decbf680dad3b3bae17936c92bf703"
        },
        {
          "assetId": "x6xjVoqPX2zXQcZU8gTdp6",
          "type": "projectCss",
          "checksum": "94155755e2ae35328e09128e03c2c2c3"
        },
        {
          "assetId": "x6xjVoqPX2zXQcZU8gTdp6",
          "checksum": "6972b427598c798cec1e5647f93f08c5",
          "type": "globalContexts"
        },
        {
          "type": "renderModule",
          "assetId": "3mlcwd3hfXUS",
          "checksum": "766a2f2c1f699429a3a6d65ae4b8ac70"
        },
        {
          "type": "cssRules",
          "assetId": "3mlcwd3hfXUS",
          "checksum": "766a2f2c1f699429a3a6d65ae4b8ac70"
        }
      ],
      "codegenVersion": "0.0.1"
    }
  ],
  "cliVersion": "0.1.340"
}
